<?xml version="1.0" encoding="UTF-8" standalone="yes" ?>
<CodeBlocks_project_file>
	<FileVersion major="1" minor="6" />
	<Project>
		<Option title="tests" />
		<Option pch_mode="2" />
		<Option compiler="clang" />
		<Build>
			<Target title="Release">
				<Option output="bin/Release/tests" prefix_auto="1" extension_auto="1" />
				<Option object_output="obj/Release/" />
				<Option type="1" />
				<Option compiler="clang" />
				<Compiler>
					<Add option="-O2" />
					<Add option="-w" />
					<Add option="-std=c++20" />
				</Compiler>
				<Linker>
					<Add option="-s" />
				</Linker>
			</Target>
		</Build>
		<Compiler>
			<Add option="-Weverything" />
			<Add option="-fexceptions" />
		</Compiler>
		<Unit filename="../src/detourAPIHook.hpp" />
		<Unit filename="../src/directSyscalHook.hpp" />
		<Unit filename="../src/dllShadowLoad.hpp" />
		<Unit filename="../src/helpers.cpp" />
		<Unit filename="../src/helpers.hpp" />
		<Unit filename="../src/process.hpp" />
		<Unit filename="../src/remoteExecute.hpp" />
		<Unit filename="../src/shellcodePrepare.hpp" />
		<Unit filename="catch_amalgamated.cpp" />
		<Unit filename="helpers_tests.cpp" />
		<Unit filename="main.cpp" />
		<Extensions>
			<lib_finder disable_auto="1" />
		</Extensions>
	</Project>
</CodeBlocks_project_file>
